
Microsoft Visual Studio Solution File, Format Version 12.00
# Visual Studio Version 16
VisualStudioVersion = 16.0.30104.148
MinimumVisualStudioVersion = 10.0.40219.1
Project("{FAE04EC0-301F-11D3-BF4B-00C04F79EFBC}") = "Lab4", "Lab4\Lab4.csproj", "{DF91B2E8-FE3C-434B-9AEE-BE6887C195C0}"
EndProject
Project("{FAE04EC0-301F-11D3-BF4B-00C04F79EFBC}") = "CapaDatos", "CapaDatos\CapaDatos.csproj", "{B2F0C3F0-DDC5-4A40-8894-AF240EB8354C}"
EndProject
Global
	GlobalSection(SolutionConfigurationPlatforms) = preSolution
		Debug|Any CPU = Debug|Any CPU
		Release|Any CPU = Release|Any CPU
	EndGlobalSection
	GlobalSection(ProjectConfigurationPlatforms) = postSolution
		{DF91B2E8-FE3C-434B-9AEE-BE6887C195C0}.Debug|Any CPU.ActiveCfg = Debug|Any CPU
		{DF91B2E8-FE3C-434B-9AEE-BE6887C195C0}.Debug|Any CPU.Build.0 = Debug|Any CPU
		{DF91B2E8-FE3C-434B-9AEE-BE6887C195C0}.Release|Any CPU.ActiveCfg = Release|Any CPU
		{DF91B2E8-FE3C-434B-9AEE-BE6887C195C0}.Release|Any CPU.Build.0 = Release|Any CPU
		{B2F0C3F0-DDC5-4A40-8894-AF240EB8354C}.Debug|Any CPU.ActiveCfg = Debug|Any CPU
		{B2F0C3F0-DDC5-4A40-8894-AF240EB8354C}.Debug|Any CPU.Build.0 = Debug|Any CPU
		{B2F0C3F0-DDC5-4A40-8894-AF240EB8354C}.Release|Any CPU.ActiveCfg = Release|Any CPU
		{B2F0C3F0-DDC5-4A40-8894-AF240EB8354C}.Release|Any CPU.Build.0 = Release|Any CPU
	EndGlobalSection
	GlobalSection(SolutionProperties) = preSolution
		HideSolutionNode = FALSE
	EndGlobalSection
	GlobalSection(ExtensibilityGlobals) = postSolution
		SolutionGuid = {DF3D4F59-2EE6-47C3-BE63-A1B67E01B23D}
	EndGlobalSection
EndGlobal
